
Microsoft Visual Studio Solution File, Format Version 12.00
# Visual Studio 15
VisualStudioVersion = 15.0.28010.2041
MinimumVisualStudioVersion = 10.0.40219.1
Project("{FAE04EC0-301F-11D3-BF4B-00C04F79EFBC}") = "XMLReader", "XMLReader\XMLReader.csproj", "{E808BADB-7610-4015-8134-197632A28EAE}"
EndProject
Project("{FAE04EC0-301F-11D3-BF4B-00C04F79EFBC}") = "XMLReader.Tests", "XMLReader.Tests\XMLReader.Tests.csproj", "{AD88F366-696C-4B28-B24F-9C0017BDBC77}"
EndProject
Global
	GlobalSection(SolutionConfigurationPlatforms) = preSolution
		Debug|Any CPU = Debug|Any CPU
		Release|Any CPU = Release|Any CPU
	EndGlobalSection
	GlobalSection(ProjectConfigurationPlatforms) = postSolution
		{E808BADB-7610-4015-8134-197632A28EAE}.Debug|Any CPU.ActiveCfg = Debug|Any CPU
		{E808BADB-7610-4015-8134-197632A28EAE}.Debug|Any CPU.Build.0 = Debug|Any CPU
		{E808BADB-7610-4015-8134-197632A28EAE}.Release|Any CPU.ActiveCfg = Release|Any CPU
		{E808BADB-7610-4015-8134-197632A28EAE}.Release|Any CPU.Build.0 = Release|Any CPU
		{AD88F366-696C-4B28-B24F-9C0017BDBC77}.Debug|Any CPU.ActiveCfg = Debug|Any CPU
		{AD88F366-696C-4B28-B24F-9C0017BDBC77}.Debug|Any CPU.Build.0 = Debug|Any CPU
		{AD88F366-696C-4B28-B24F-9C0017BDBC77}.Release|Any CPU.ActiveCfg = Release|Any CPU
		{AD88F366-696C-4B28-B24F-9C0017BDBC77}.Release|Any CPU.Build.0 = Release|Any CPU
	EndGlobalSection
	GlobalSection(SolutionProperties) = preSolution
		HideSolutionNode = FALSE
	EndGlobalSection
	GlobalSection(ExtensibilityGlobals) = postSolution
		SolutionGuid = {FB1DFB73-D6BD-42DB-9D36-3E355E2CEBD5}
	EndGlobalSection
EndGlobal
